{
  "originHash" : "ccab18aa3a2841789d4eaa0a7ba7c10e62c1262fc242692bdf370e3a1e4bc284",
  "pins" : [
    {
      "identity" : "swiftdotenv",
      "kind" : "remoteSourceControl",
      "location" : "https://github.com/swiftontheserver/swiftdotenv.git",
      "state" : {
        "revision" : "2a7527210766fc726fb3d26fa9b8f295841e73df",
        "version" : "2.0.1"
      }
    },
    {
      "identity" : "swiftyjson",
      "kind" : "remoteSourceControl",
      "location" : "https://github.com/SwiftyJSON/SwiftyJSON.git",
      "state" : {
        "revision" : "af76cf3ef710b6ca5f8c05f3a31307d44a3c5828",
        "version" : "5.0.2"
      }
    }
  ],
  "version" : 3
}
