// !$*UTF8*$!
{
	archiveVersion = 1;
	classes = {
	};
	objectVersion = 56;
	objects = {

/* Begin PBXBuildFile section */
		D227C6132BF3CAF700F81355 /* LoadingView.swift in Sources */ = {isa = PBXBuildFile; fileRef = D227C6122BF3CAF700F81355 /* LoadingView.swift */; };
		D227C6152BF3D4BB00F81355 /* AuthorizedView.swift in Sources */ = {isa = PBXBuildFile; fileRef = D227C6142BF3D4BB00F81355 /* AuthorizedView.swift */; };
		D227C61C2BF49F8A00F81355 /* UserViewModel.swift in Sources */ = {isa = PBXBuildFile; fileRef = D227C61B2BF49F8A00F81355 /* UserViewModel.swift */; };
		D227C61F2BF4A2E900F81355 /* GroupViewModel.swift in Sources */ = {isa = PBXBuildFile; fileRef = D227C61E2BF4A2E900F81355 /* GroupViewModel.swift */; };
		D227C6212BF4E5C800F81355 /* HomeChoresView.swift in Sources */ = {isa = PBXBuildFile; fileRef = D227C6202BF4E5C700F81355 /* HomeChoresView.swift */; };
		D227C6232BF500FE00F81355 /* ChoreItemView.swift in Sources */ = {isa = PBXBuildFile; fileRef = D227C6222BF500FE00F81355 /* ChoreItemView.swift */; };
		D227C6252BF5031400F81355 /* ChoreViewModel.swift in Sources */ = {isa = PBXBuildFile; fileRef = D227C6242BF5031400F81355 /* ChoreViewModel.swift */; };
		D231EF592BF862D6002DE76A /* RegisterView.swift in Sources */ = {isa = PBXBuildFile; fileRef = D231EF582BF862D5002DE76A /* RegisterView.swift */; };
		D231EF5C2BF8F597002DE76A /* SwiftKeychainWrapper in Frameworks */ = {isa = PBXBuildFile; productRef = D231EF5B2BF8F597002DE76A /* SwiftKeychainWrapper */; };
		D231EF5E2BF8F69F002DE76A /* KeyChainManager.swift in Sources */ = {isa = PBXBuildFile; fileRef = D231EF5D2BF8F69F002DE76A /* KeyChainManager.swift */; };
		D231EF612BF91255002DE76A /* APIError.swift in Sources */ = {isa = PBXBuildFile; fileRef = D231EF602BF91254002DE76A /* APIError.swift */; };
		D231EF652BF9129B002DE76A /* ErrorView.swift in Sources */ = {isa = PBXBuildFile; fileRef = D231EF642BF9129B002DE76A /* ErrorView.swift */; };
		D231EF672BF912BF002DE76A /* ErrorManager.swift in Sources */ = {isa = PBXBuildFile; fileRef = D231EF662BF912BF002DE76A /* ErrorManager.swift */; };
		D231EF692BF91A36002DE76A /* LoginUserViewModel.swift in Sources */ = {isa = PBXBuildFile; fileRef = D231EF682BF91A36002DE76A /* LoginUserViewModel.swift */; };
		D231EF6C2BF9222D002DE76A /* LogoutButtonView.swift in Sources */ = {isa = PBXBuildFile; fileRef = D231EF6B2BF9222D002DE76A /* LogoutButtonView.swift */; };
		D231EF6F2BF9D005002DE76A /* AuthroizedTabView.swift in Sources */ = {isa = PBXBuildFile; fileRef = D231EF6E2BF9D005002DE76A /* AuthroizedTabView.swift */; };
		D25158EA2BEF70110085870B /* easy_choresApp.swift in Sources */ = {isa = PBXBuildFile; fileRef = D25158E92BEF70110085870B /* easy_choresApp.swift */; };
		D25158EC2BEF70110085870B /* MainView.swift in Sources */ = {isa = PBXBuildFile; fileRef = D25158EB2BEF70110085870B /* MainView.swift */; };
		D25158EE2BEF701D0085870B /* Assets.xcassets in Resources */ = {isa = PBXBuildFile; fileRef = D25158ED2BEF701D0085870B /* Assets.xcassets */; };
		D25158F12BEF701D0085870B /* Preview Assets.xcassets in Resources */ = {isa = PBXBuildFile; fileRef = D25158F02BEF701D0085870B /* Preview Assets.xcassets */; };
		D25159052BEF701F0085870B /* easy_choresUITests.swift in Sources */ = {isa = PBXBuildFile; fileRef = D25159042BEF701F0085870B /* easy_choresUITests.swift */; };
		D252F6142BF8446F004272AA /* LoginView.swift in Sources */ = {isa = PBXBuildFile; fileRef = D252F6132BF8446F004272AA /* LoginView.swift */; };
		D25612702BFA417F00CF7186 /* MenuButton.swift in Sources */ = {isa = PBXBuildFile; fileRef = D256126F2BFA417F00CF7186 /* MenuButton.swift */; };
		D25612722BFA444F00CF7186 /* GroupMenuView.swift in Sources */ = {isa = PBXBuildFile; fileRef = D25612712BFA444F00CF7186 /* GroupMenuView.swift */; };
		D25612742BFA467300CF7186 /* CreateGroupView.swift in Sources */ = {isa = PBXBuildFile; fileRef = D25612732BFA467300CF7186 /* CreateGroupView.swift */; };
		D25612762BFA468700CF7186 /* EditGroupView.swift in Sources */ = {isa = PBXBuildFile; fileRef = D25612752BFA468700CF7186 /* EditGroupView.swift */; };
		D25612782BFA717D00CF7186 /* GroupUserView.swift in Sources */ = {isa = PBXBuildFile; fileRef = D25612772BFA717D00CF7186 /* GroupUserView.swift */; };
		D26ED50C2BF6898E00AA9FC9 /* AddButtonContainerView.swift in Sources */ = {isa = PBXBuildFile; fileRef = D26ED50B2BF6898E00AA9FC9 /* AddButtonContainerView.swift */; };
		D26ED50E2BF6948D00AA9FC9 /* CreateChoreView.swift in Sources */ = {isa = PBXBuildFile; fileRef = D26ED50D2BF6948D00AA9FC9 /* CreateChoreView.swift */; };
		D26ED5132BF7432700AA9FC9 /* CreateGroceryView.swift in Sources */ = {isa = PBXBuildFile; fileRef = D26ED5122BF7432600AA9FC9 /* CreateGroceryView.swift */; };
		D26ED51A2BF750C600AA9FC9 /* CreateGroceryItemView.swift in Sources */ = {isa = PBXBuildFile; fileRef = D26ED5192BF750C600AA9FC9 /* CreateGroceryItemView.swift */; };
		D26ED51C2BF7697100AA9FC9 /* Extension.swift in Sources */ = {isa = PBXBuildFile; fileRef = D26ED51B2BF7697100AA9FC9 /* Extension.swift */; };
		D28614F32BF35794009D8D24 /* APIManager.swift in Sources */ = {isa = PBXBuildFile; fileRef = D28614F22BF35794009D8D24 /* APIManager.swift */; };
		D28614FE2BF382DF009D8D24 /* HomeView.swift in Sources */ = {isa = PBXBuildFile; fileRef = D28614FD2BF382DF009D8D24 /* HomeView.swift */; };
		D28615112BF38F05009D8D24 /* GroupListView.swift in Sources */ = {isa = PBXBuildFile; fileRef = D28615102BF38F05009D8D24 /* GroupListView.swift */; };
		D28615132BF38F36009D8D24 /* GroupItemView.swift in Sources */ = {isa = PBXBuildFile; fileRef = D28615122BF38F36009D8D24 /* GroupItemView.swift */; };
		D28F8D5F2BF5E81E00BCE419 /* CustomButtonView.swift in Sources */ = {isa = PBXBuildFile; fileRef = D28F8D5E2BF5E81E00BCE419 /* CustomButtonView.swift */; };
		D28F8D632BF65A1B00BCE419 /* CustomDataError.swift in Sources */ = {isa = PBXBuildFile; fileRef = D28F8D622BF65A1B00BCE419 /* CustomDataError.swift */; };
		D28F8D682BF6636700BCE419 /* AddItemPopUpView.swift in Sources */ = {isa = PBXBuildFile; fileRef = D28F8D672BF6636600BCE419 /* AddItemPopUpView.swift */; };
		D2B5046E2BFBB5CC00C6949D /* ProfileView.swift in Sources */ = {isa = PBXBuildFile; fileRef = D2B5046D2BFBB5CC00C6949D /* ProfileView.swift */; };
		D2B504842BFCDBA900C6949D /* ErrorViewTest.swift in Sources */ = {isa = PBXBuildFile; fileRef = D2B504832BFCDBA900C6949D /* ErrorViewTest.swift */; };
		D2B504862BFCDBD200C6949D /* ViewInspector in Frameworks */ = {isa = PBXBuildFile; productRef = D2B504852BFCDBD200C6949D /* ViewInspector */; };
		D2B504912BFF0A4D00C6949D /* CustomTextFieldView.swift in Sources */ = {isa = PBXBuildFile; fileRef = D2B504902BFF0A4D00C6949D /* CustomTextFieldView.swift */; };
		D2B504D22BFF1E6000C6949D /* Poppins-Light.ttf in Resources */ = {isa = PBXBuildFile; fileRef = D2B504C02BFF1E4600C6949D /* Poppins-Light.ttf */; };
		D2B504D32BFF1E6000C6949D /* Poppins-ThinItalic.ttf in Resources */ = {isa = PBXBuildFile; fileRef = D2B504C12BFF1E4800C6949D /* Poppins-ThinItalic.ttf */; };
		D2B504D42BFF1E6000C6949D /* Poppins-ExtraBoldItalic.ttf in Resources */ = {isa = PBXBuildFile; fileRef = D2B504C22BFF1E4900C6949D /* Poppins-ExtraBoldItalic.ttf */; };
		D2B504D52BFF1E6000C6949D /* Poppins-Regular.ttf in Resources */ = {isa = PBXBuildFile; fileRef = D2B504C32BFF1E4A00C6949D /* Poppins-Regular.ttf */; };
		D2B504D62BFF1E6000C6949D /* Poppins-SemiBoldItalic.ttf in Resources */ = {isa = PBXBuildFile; fileRef = D2B504C42BFF1E4B00C6949D /* Poppins-SemiBoldItalic.ttf */; };
		D2B504D72BFF1E6000C6949D /* Poppins-Black.ttf in Resources */ = {isa = PBXBuildFile; fileRef = D2B504C52BFF1E4C00C6949D /* Poppins-Black.ttf */; };
		D2B504D82BFF1E6000C6949D /* Poppins-BoldItalic.ttf in Resources */ = {isa = PBXBuildFile; fileRef = D2B504C62BFF1E4F00C6949D /* Poppins-BoldItalic.ttf */; };
		D2B504D92BFF1E6000C6949D /* Poppins-LightItalic.ttf in Resources */ = {isa = PBXBuildFile; fileRef = D2B504C72BFF1E5000C6949D /* Poppins-LightItalic.ttf */; };
		D2B504DA2BFF1E6000C6949D /* Poppins-Bold.ttf in Resources */ = {isa = PBXBuildFile; fileRef = D2B504C82BFF1E5300C6949D /* Poppins-Bold.ttf */; };
		D2B504DB2BFF1E6000C6949D /* Poppins-BlackItalic.ttf in Resources */ = {isa = PBXBuildFile; fileRef = D2B504C92BFF1E5500C6949D /* Poppins-BlackItalic.ttf */; };
		D2B504DC2BFF1E6000C6949D /* Poppins-Medium.ttf in Resources */ = {isa = PBXBuildFile; fileRef = D2B504CA2BFF1E5600C6949D /* Poppins-Medium.ttf */; };
		D2B504DD2BFF1E6000C6949D /* Poppins-ExtraLight.ttf in Resources */ = {isa = PBXBuildFile; fileRef = D2B504CB2BFF1E5800C6949D /* Poppins-ExtraLight.ttf */; };
		D2B504DE2BFF1E6000C6949D /* Poppins-Italic.ttf in Resources */ = {isa = PBXBuildFile; fileRef = D2B504CC2BFF1E5900C6949D /* Poppins-Italic.ttf */; };
		D2B504DF2BFF1E6000C6949D /* Poppins-SemiBold.ttf in Resources */ = {isa = PBXBuildFile; fileRef = D2B504CD2BFF1E5A00C6949D /* Poppins-SemiBold.ttf */; };
		D2B504E02BFF1E6000C6949D /* Poppins-Thin.ttf in Resources */ = {isa = PBXBuildFile; fileRef = D2B504CE2BFF1E5B00C6949D /* Poppins-Thin.ttf */; };
		D2B504E12BFF1E6000C6949D /* Poppins-ExtraBold.ttf in Resources */ = {isa = PBXBuildFile; fileRef = D2B504CF2BFF1E5C00C6949D /* Poppins-ExtraBold.ttf */; };
		D2B504E22BFF1E6000C6949D /* Poppins-MediumItalic.ttf in Resources */ = {isa = PBXBuildFile; fileRef = D2B504D02BFF1E5D00C6949D /* Poppins-MediumItalic.ttf */; };
		D2B504E32BFF1E6000C6949D /* Poppins-ExtraLightItalic.ttf in Resources */ = {isa = PBXBuildFile; fileRef = D2B504D12BFF1E5F00C6949D /* Poppins-ExtraLightItalic.ttf */; };
		D2F7F6DC2BF5C19400DDA991 /* GroceryViewModel.swift in Sources */ = {isa = PBXBuildFile; fileRef = D2F7F6DB2BF5C19400DDA991 /* GroceryViewModel.swift */; };
		D2F7F6DE2BF5C3D600DDA991 /* HomeGroceriesView.swift in Sources */ = {isa = PBXBuildFile; fileRef = D2F7F6DD2BF5C3D600DDA991 /* HomeGroceriesView.swift */; };
		D2F7F6E02BF5C4AA00DDA991 /* GroceryItemView.swift in Sources */ = {isa = PBXBuildFile; fileRef = D2F7F6DF2BF5C4AA00DDA991 /* GroceryItemView.swift */; };
/* End PBXBuildFile section */

/* Begin PBXContainerItemProxy section */
		D25158F72BEF701F0085870B /* PBXContainerItemProxy */ = {
			isa = PBXContainerItemProxy;
			containerPortal = D25158DE2BEF70110085870B /* Project object */;
			proxyType = 1;
			remoteGlobalIDString = D25158E52BEF70110085870B;
			remoteInfo = "easy-chores";
		};
		D25159012BEF701F0085870B /* PBXContainerItemProxy */ = {
			isa = PBXContainerItemProxy;
			containerPortal = D25158DE2BEF70110085870B /* Project object */;
			proxyType = 1;
			remoteGlobalIDString = D25158E52BEF70110085870B;
			remoteInfo = "easy-chores";
		};
/* End PBXContainerItemProxy section */

/* Begin PBXFileReference section */
		D227C6122BF3CAF700F81355 /* LoadingView.swift */ = {isa = PBXFileReference; lastKnownFileType = sourcecode.swift; path = LoadingView.swift; sourceTree = "<group>"; };
		D227C6142BF3D4BB00F81355 /* AuthorizedView.swift */ = {isa = PBXFileReference; lastKnownFileType = sourcecode.swift; path = AuthorizedView.swift; sourceTree = "<group>"; };
		D227C61B2BF49F8A00F81355 /* UserViewModel.swift */ = {isa = PBXFileReference; lastKnownFileType = sourcecode.swift; path = UserViewModel.swift; sourceTree = "<group>"; };
		D227C61E2BF4A2E900F81355 /* GroupViewModel.swift */ = {isa = PBXFileReference; lastKnownFileType = sourcecode.swift; path = GroupViewModel.swift; sourceTree = "<group>"; };
		D227C6202BF4E5C700F81355 /* HomeChoresView.swift */ = {isa = PBXFileReference; lastKnownFileType = sourcecode.swift; path = HomeChoresView.swift; sourceTree = "<group>"; };
		D227C6222BF500FE00F81355 /* ChoreItemView.swift */ = {isa = PBXFileReference; lastKnownFileType = sourcecode.swift; path = ChoreItemView.swift; sourceTree = "<group>"; };
		D227C6242BF5031400F81355 /* ChoreViewModel.swift */ = {isa = PBXFileReference; lastKnownFileType = sourcecode.swift; path = ChoreViewModel.swift; sourceTree = "<group>"; };
		D231EF582BF862D5002DE76A /* RegisterView.swift */ = {isa = PBXFileReference; lastKnownFileType = sourcecode.swift; path = RegisterView.swift; sourceTree = "<group>"; };
		D231EF5D2BF8F69F002DE76A /* KeyChainManager.swift */ = {isa = PBXFileReference; lastKnownFileType = sourcecode.swift; path = KeyChainManager.swift; sourceTree = "<group>"; };
		D231EF602BF91254002DE76A /* APIError.swift */ = {isa = PBXFileReference; lastKnownFileType = sourcecode.swift; path = APIError.swift; sourceTree = "<group>"; };
		D231EF642BF9129B002DE76A /* ErrorView.swift */ = {isa = PBXFileReference; lastKnownFileType = sourcecode.swift; path = ErrorView.swift; sourceTree = "<group>"; };
		D231EF662BF912BF002DE76A /* ErrorManager.swift */ = {isa = PBXFileReference; lastKnownFileType = sourcecode.swift; path = ErrorManager.swift; sourceTree = "<group>"; };
		D231EF682BF91A36002DE76A /* LoginUserViewModel.swift */ = {isa = PBXFileReference; lastKnownFileType = sourcecode.swift; path = LoginUserViewModel.swift; sourceTree = "<group>"; };
		D231EF6B2BF9222D002DE76A /* LogoutButtonView.swift */ = {isa = PBXFileReference; lastKnownFileType = sourcecode.swift; path = LogoutButtonView.swift; sourceTree = "<group>"; };
		D231EF6E2BF9D005002DE76A /* AuthroizedTabView.swift */ = {isa = PBXFileReference; lastKnownFileType = sourcecode.swift; path = AuthroizedTabView.swift; sourceTree = "<group>"; };
		D25158E62BEF70110085870B /* easy-chores.app */ = {isa = PBXFileReference; explicitFileType = wrapper.application; includeInIndex = 0; path = "easy-chores.app"; sourceTree = BUILT_PRODUCTS_DIR; };
		D25158E92BEF70110085870B /* easy_choresApp.swift */ = {isa = PBXFileReference; lastKnownFileType = sourcecode.swift; path = easy_choresApp.swift; sourceTree = "<group>"; };
		D25158EB2BEF70110085870B /* MainView.swift */ = {isa = PBXFileReference; lastKnownFileType = sourcecode.swift; path = MainView.swift; sourceTree = "<group>"; };
		D25158ED2BEF701D0085870B /* Assets.xcassets */ = {isa = PBXFileReference; lastKnownFileType = folder.assetcatalog; path = Assets.xcassets; sourceTree = "<group>"; };
		D25158F02BEF701D0085870B /* Preview Assets.xcassets */ = {isa = PBXFileReference; lastKnownFileType = folder.assetcatalog; path = "Preview Assets.xcassets"; sourceTree = "<group>"; };
		D25158F62BEF701F0085870B /* easy-choresTests.xctest */ = {isa = PBXFileReference; explicitFileType = wrapper.cfbundle; includeInIndex = 0; path = "easy-choresTests.xctest"; sourceTree = BUILT_PRODUCTS_DIR; };
		D25159002BEF701F0085870B /* easy-choresUITests.xctest */ = {isa = PBXFileReference; explicitFileType = wrapper.cfbundle; includeInIndex = 0; path = "easy-choresUITests.xctest"; sourceTree = BUILT_PRODUCTS_DIR; };
		D25159042BEF701F0085870B /* easy_choresUITests.swift */ = {isa = PBXFileReference; lastKnownFileType = sourcecode.swift; path = easy_choresUITests.swift; sourceTree = "<group>"; };
		D252F6132BF8446F004272AA /* LoginView.swift */ = {isa = PBXFileReference; lastKnownFileType = sourcecode.swift; path = LoginView.swift; sourceTree = "<group>"; };
		D256126F2BFA417F00CF7186 /* MenuButton.swift */ = {isa = PBXFileReference; lastKnownFileType = sourcecode.swift; path = MenuButton.swift; sourceTree = "<group>"; };
		D25612712BFA444F00CF7186 /* GroupMenuView.swift */ = {isa = PBXFileReference; lastKnownFileType = sourcecode.swift; path = GroupMenuView.swift; sourceTree = "<group>"; };
		D25612732BFA467300CF7186 /* CreateGroupView.swift */ = {isa = PBXFileReference; lastKnownFileType = sourcecode.swift; path = CreateGroupView.swift; sourceTree = "<group>"; };
		D25612752BFA468700CF7186 /* EditGroupView.swift */ = {isa = PBXFileReference; lastKnownFileType = sourcecode.swift; path = EditGroupView.swift; sourceTree = "<group>"; };
		D25612772BFA717D00CF7186 /* GroupUserView.swift */ = {isa = PBXFileReference; lastKnownFileType = sourcecode.swift; path = GroupUserView.swift; sourceTree = "<group>"; };
		D26ED50B2BF6898E00AA9FC9 /* AddButtonContainerView.swift */ = {isa = PBXFileReference; lastKnownFileType = sourcecode.swift; path = AddButtonContainerView.swift; sourceTree = "<group>"; };
		D26ED50D2BF6948D00AA9FC9 /* CreateChoreView.swift */ = {isa = PBXFileReference; lastKnownFileType = sourcecode.swift; path = CreateChoreView.swift; sourceTree = "<group>"; };
		D26ED5122BF7432600AA9FC9 /* CreateGroceryView.swift */ = {isa = PBXFileReference; lastKnownFileType = sourcecode.swift; path = CreateGroceryView.swift; sourceTree = "<group>"; };
		D26ED5192BF750C600AA9FC9 /* CreateGroceryItemView.swift */ = {isa = PBXFileReference; lastKnownFileType = sourcecode.swift; path = CreateGroceryItemView.swift; sourceTree = "<group>"; };
		D26ED51B2BF7697100AA9FC9 /* Extension.swift */ = {isa = PBXFileReference; lastKnownFileType = sourcecode.swift; path = Extension.swift; sourceTree = "<group>"; };
		D28614F22BF35794009D8D24 /* APIManager.swift */ = {isa = PBXFileReference; lastKnownFileType = sourcecode.swift; path = APIManager.swift; sourceTree = "<group>"; };
		D28614FD2BF382DF009D8D24 /* HomeView.swift */ = {isa = PBXFileReference; lastKnownFileType = sourcecode.swift; path = HomeView.swift; sourceTree = "<group>"; };
		D28615102BF38F05009D8D24 /* GroupListView.swift */ = {isa = PBXFileReference; lastKnownFileType = sourcecode.swift; path = GroupListView.swift; sourceTree = "<group>"; };
		D28615122BF38F36009D8D24 /* GroupItemView.swift */ = {isa = PBXFileReference; lastKnownFileType = sourcecode.swift; path = GroupItemView.swift; sourceTree = "<group>"; };
		D28F8D5E2BF5E81E00BCE419 /* CustomButtonView.swift */ = {isa = PBXFileReference; lastKnownFileType = sourcecode.swift; path = CustomButtonView.swift; sourceTree = "<group>"; };
		D28F8D622BF65A1B00BCE419 /* CustomDataError.swift */ = {isa = PBXFileReference; lastKnownFileType = sourcecode.swift; name = CustomDataError.swift; path = ../CustomDataError.swift; sourceTree = "<group>"; };
		D28F8D672BF6636600BCE419 /* AddItemPopUpView.swift */ = {isa = PBXFileReference; lastKnownFileType = sourcecode.swift; path = AddItemPopUpView.swift; sourceTree = "<group>"; };
		D2B5046D2BFBB5CC00C6949D /* ProfileView.swift */ = {isa = PBXFileReference; lastKnownFileType = sourcecode.swift; path = ProfileView.swift; sourceTree = "<group>"; };
		D2B504822BFCDBA900C6949D /* easy-choresTests-Bridging-Header.h */ = {isa = PBXFileReference; lastKnownFileType = sourcecode.c.h; path = "easy-choresTests-Bridging-Header.h"; sourceTree = "<group>"; };
		D2B504832BFCDBA900C6949D /* ErrorViewTest.swift */ = {isa = PBXFileReference; lastKnownFileType = sourcecode.swift; path = ErrorViewTest.swift; sourceTree = "<group>"; };
		D2B504902BFF0A4D00C6949D /* CustomTextFieldView.swift */ = {isa = PBXFileReference; lastKnownFileType = sourcecode.swift; path = CustomTextFieldView.swift; sourceTree = "<group>"; };
		D2B504C02BFF1E4600C6949D /* Poppins-Light.ttf */ = {isa = PBXFileReference; lastKnownFileType = file; path = "Poppins-Light.ttf"; sourceTree = "<group>"; };
		D2B504C12BFF1E4800C6949D /* Poppins-ThinItalic.ttf */ = {isa = PBXFileReference; lastKnownFileType = file; path = "Poppins-ThinItalic.ttf"; sourceTree = "<group>"; };
		D2B504C22BFF1E4900C6949D /* Poppins-ExtraBoldItalic.ttf */ = {isa = PBXFileReference; lastKnownFileType = file; path = "Poppins-ExtraBoldItalic.ttf"; sourceTree = "<group>"; };
		D2B504C32BFF1E4A00C6949D /* Poppins-Regular.ttf */ = {isa = PBXFileReference; lastKnownFileType = file; path = "Poppins-Regular.ttf"; sourceTree = "<group>"; };
		D2B504C42BFF1E4B00C6949D /* Poppins-SemiBoldItalic.ttf */ = {isa = PBXFileReference; lastKnownFileType = file; path = "Poppins-SemiBoldItalic.ttf"; sourceTree = "<group>"; };
		D2B504C52BFF1E4C00C6949D /* Poppins-Black.ttf */ = {isa = PBXFileReference; lastKnownFileType = file; path = "Poppins-Black.ttf"; sourceTree = "<group>"; };
		D2B504C62BFF1E4F00C6949D /* Poppins-BoldItalic.ttf */ = {isa = PBXFileReference; lastKnownFileType = file; path = "Poppins-BoldItalic.ttf"; sourceTree = "<group>"; };
		D2B504C72BFF1E5000C6949D /* Poppins-LightItalic.ttf */ = {isa = PBXFileReference; lastKnownFileType = file; path = "Poppins-LightItalic.ttf"; sourceTree = "<group>"; };
		D2B504C82BFF1E5300C6949D /* Poppins-Bold.ttf */ = {isa = PBXFileReference; lastKnownFileType = file; path = "Poppins-Bold.ttf"; sourceTree = "<group>"; };
		D2B504C92BFF1E5500C6949D /* Poppins-BlackItalic.ttf */ = {isa = PBXFileReference; lastKnownFileType = file; path = "Poppins-BlackItalic.ttf"; sourceTree = "<group>"; };
		D2B504CA2BFF1E5600C6949D /* Poppins-Medium.ttf */ = {isa = PBXFileReference; lastKnownFileType = file; path = "Poppins-Medium.ttf"; sourceTree = "<group>"; };
		D2B504CB2BFF1E5800C6949D /* Poppins-ExtraLight.ttf */ = {isa = PBXFileReference; lastKnownFileType = file; path = "Poppins-ExtraLight.ttf"; sourceTree = "<group>"; };
		D2B504CC2BFF1E5900C6949D /* Poppins-Italic.ttf */ = {isa = PBXFileReference; lastKnownFileType = file; path = "Poppins-Italic.ttf"; sourceTree = "<group>"; };
		D2B504CD2BFF1E5A00C6949D /* Poppins-SemiBold.ttf */ = {isa = PBXFileReference; lastKnownFileType = file; path = "Poppins-SemiBold.ttf"; sourceTree = "<group>"; };
		D2B504CE2BFF1E5B00C6949D /* Poppins-Thin.ttf */ = {isa = PBXFileReference; lastKnownFileType = file; path = "Poppins-Thin.ttf"; sourceTree = "<group>"; };
		D2B504CF2BFF1E5C00C6949D /* Poppins-ExtraBold.ttf */ = {isa = PBXFileReference; lastKnownFileType = file; path = "Poppins-ExtraBold.ttf"; sourceTree = "<group>"; };
		D2B504D02BFF1E5D00C6949D /* Poppins-MediumItalic.ttf */ = {isa = PBXFileReference; lastKnownFileType = file; path = "Poppins-MediumItalic.ttf"; sourceTree = "<group>"; };
		D2B504D12BFF1E5F00C6949D /* Poppins-ExtraLightItalic.ttf */ = {isa = PBXFileReference; lastKnownFileType = file; path = "Poppins-ExtraLightItalic.ttf"; sourceTree = "<group>"; };
		D2F7F6DB2BF5C19400DDA991 /* GroceryViewModel.swift */ = {isa = PBXFileReference; lastKnownFileType = sourcecode.swift; path = GroceryViewModel.swift; sourceTree = "<group>"; };
		D2F7F6DD2BF5C3D600DDA991 /* HomeGroceriesView.swift */ = {isa = PBXFileReference; lastKnownFileType = sourcecode.swift; path = HomeGroceriesView.swift; sourceTree = "<group>"; };
		D2F7F6DF2BF5C4AA00DDA991 /* GroceryItemView.swift */ = {isa = PBXFileReference; lastKnownFileType = sourcecode.swift; path = GroceryItemView.swift; sourceTree = "<group>"; };
/* End PBXFileReference section */

/* Begin PBXFrameworksBuildPhase section */
		D25158E32BEF70110085870B /* Frameworks */ = {
			isa = PBXFrameworksBuildPhase;
			buildActionMask = 2147483647;
			files = (
				D231EF5C2BF8F597002DE76A /* SwiftKeychainWrapper in Frameworks */,
			);
			runOnlyForDeploymentPostprocessing = 0;
		};
		D25158F32BEF701F0085870B /* Frameworks */ = {
			isa = PBXFrameworksBuildPhase;
			buildActionMask = 2147483647;
			files = (
				D2B504862BFCDBD200C6949D /* ViewInspector in Frameworks */,
			);
			runOnlyForDeploymentPostprocessing = 0;
		};
		D25158FD2BEF701F0085870B /* Frameworks */ = {
			isa = PBXFrameworksBuildPhase;
			buildActionMask = 2147483647;
			files = (
			);
			runOnlyForDeploymentPostprocessing = 0;
		};
/* End PBXFrameworksBuildPhase section */

/* Begin PBXGroup section */
		D227C6112BF3CAE200F81355 /* CommonViews */ = {
			isa = PBXGroup;
			children = (
				D256126F2BFA417F00CF7186 /* MenuButton.swift */,
				D227C6122BF3CAF700F81355 /* LoadingView.swift */,
				D28F8D5E2BF5E81E00BCE419 /* CustomButtonView.swift */,
				D2B504902BFF0A4D00C6949D /* CustomTextFieldView.swift */,
			);
			path = CommonViews;
			sourceTree = "<group>";
		};
		D227C61A2BF49F6D00F81355 /* ViewModels */ = {
			isa = PBXGroup;
			children = (
				D227C61B2BF49F8A00F81355 /* UserViewModel.swift */,
				D227C61E2BF4A2E900F81355 /* GroupViewModel.swift */,
				D227C6242BF5031400F81355 /* ChoreViewModel.swift */,
				D2F7F6DB2BF5C19400DDA991 /* GroceryViewModel.swift */,
				D231EF682BF91A36002DE76A /* LoginUserViewModel.swift */,
			);
			path = ViewModels;
			sourceTree = "<group>";
		};
		D231EF5F2BF91240002DE76A /* ErrorHandling */ = {
			isa = PBXGroup;
			children = (
				D231EF602BF91254002DE76A /* APIError.swift */,
				D28F8D622BF65A1B00BCE419 /* CustomDataError.swift */,
				D231EF642BF9129B002DE76A /* ErrorView.swift */,
				D231EF662BF912BF002DE76A /* ErrorManager.swift */,
			);
			path = ErrorHandling;
			sourceTree = "<group>";
		};
		D231EF6A2BF9220E002DE76A /* ProfileView */ = {
			isa = PBXGroup;
			children = (
				D231EF6B2BF9222D002DE76A /* LogoutButtonView.swift */,
				D2B5046D2BFBB5CC00C6949D /* ProfileView.swift */,
			);
			path = ProfileView;
			sourceTree = "<group>";
		};
		D231EF6D2BF9CDE3002DE76A /* AuthroizedView */ = {
			isa = PBXGroup;
			children = (
				D231EF6A2BF9220E002DE76A /* ProfileView */,
				D26ED50F2BF7128A00AA9FC9 /* GroupView */,
				D28F8D642BF6630200BCE419 /* AddItemViews */,
				D286150F2BF38EDD009D8D24 /* HomeViews */,
				D227C6142BF3D4BB00F81355 /* AuthorizedView.swift */,
				D231EF6E2BF9D005002DE76A /* AuthroizedTabView.swift */,
			);
			path = AuthroizedView;
			sourceTree = "<group>";
		};
		D25158DD2BEF70110085870B = {
			isa = PBXGroup;
			children = (
				D25158E82BEF70110085870B /* easy-chores */,
				D25158F92BEF701F0085870B /* easy-choresTests */,
				D25159032BEF701F0085870B /* easy-choresUITests */,
				D25158E72BEF70110085870B /* Products */,
			);
			sourceTree = "<group>";
		};
		D25158E72BEF70110085870B /* Products */ = {
			isa = PBXGroup;
			children = (
				D25158E62BEF70110085870B /* easy-chores.app */,
				D25158F62BEF701F0085870B /* easy-choresTests.xctest */,
				D25159002BEF701F0085870B /* easy-choresUITests.xctest */,
			);
			name = Products;
			sourceTree = "<group>";
		};
		D25158E82BEF70110085870B /* easy-chores */ = {
			isa = PBXGroup;
			children = (
				D2B504922BFF138C00C6949D /* Font */,
				D231EF5F2BF91240002DE76A /* ErrorHandling */,
				D227C61A2BF49F6D00F81355 /* ViewModels */,
				D28614EE2BF268E7009D8D24 /* Networking */,
				D28614EB2BF26847009D8D24 /* Views */,
				D25158E92BEF70110085870B /* easy_choresApp.swift */,
				D25158EB2BEF70110085870B /* MainView.swift */,
				D25158ED2BEF701D0085870B /* Assets.xcassets */,
				D25158EF2BEF701D0085870B /* Preview Content */,
				D26ED51B2BF7697100AA9FC9 /* Extension.swift */,
			);
			path = "easy-chores";
			sourceTree = "<group>";
		};
		D25158EF2BEF701D0085870B /* Preview Content */ = {
			isa = PBXGroup;
			children = (
				D25158F02BEF701D0085870B /* Preview Assets.xcassets */,
			);
			path = "Preview Content";
			sourceTree = "<group>";
		};
		D25158F92BEF701F0085870B /* easy-choresTests */ = {
			isa = PBXGroup;
			children = (
				D2B504812BFCDB4900C6949D /* ErrorHandling */,
			);
			path = "easy-choresTests";
			sourceTree = "<group>";
		};
		D25159032BEF701F0085870B /* easy-choresUITests */ = {
			isa = PBXGroup;
			children = (
				D25159042BEF701F0085870B /* easy_choresUITests.swift */,
			);
			path = "easy-choresUITests";
			sourceTree = "<group>";
		};
		D252F6122BF7D885004272AA /* UnauthroizedView */ = {
			isa = PBXGroup;
			children = (
				D252F6132BF8446F004272AA /* LoginView.swift */,
				D231EF582BF862D5002DE76A /* RegisterView.swift */,
			);
			path = UnauthroizedView;
			sourceTree = "<group>";
		};
		D26ED50F2BF7128A00AA9FC9 /* GroupView */ = {
			isa = PBXGroup;
			children = (
				D28615102BF38F05009D8D24 /* GroupListView.swift */,
				D28615122BF38F36009D8D24 /* GroupItemView.swift */,
				D25612732BFA467300CF7186 /* CreateGroupView.swift */,
				D25612752BFA468700CF7186 /* EditGroupView.swift */,
				D25612772BFA717D00CF7186 /* GroupUserView.swift */,
			);
			path = GroupView;
			sourceTree = "<group>";
		};
		D28614EB2BF26847009D8D24 /* Views */ = {
			isa = PBXGroup;
			children = (
				D252F6122BF7D885004272AA /* UnauthroizedView */,
				D231EF6D2BF9CDE3002DE76A /* AuthroizedView */,
				D227C6112BF3CAE200F81355 /* CommonViews */,
			);
			path = Views;
			sourceTree = "<group>";
		};
		D28614EE2BF268E7009D8D24 /* Networking */ = {
			isa = PBXGroup;
			children = (
				D28614F22BF35794009D8D24 /* APIManager.swift */,
				D231EF5D2BF8F69F002DE76A /* KeyChainManager.swift */,
			);
			path = Networking;
			sourceTree = "<group>";
		};
		D286150F2BF38EDD009D8D24 /* HomeViews */ = {
			isa = PBXGroup;
			children = (
				D28614FD2BF382DF009D8D24 /* HomeView.swift */,
				D227C6202BF4E5C700F81355 /* HomeChoresView.swift */,
				D227C6222BF500FE00F81355 /* ChoreItemView.swift */,
				D2F7F6DD2BF5C3D600DDA991 /* HomeGroceriesView.swift */,
				D2F7F6DF2BF5C4AA00DDA991 /* GroceryItemView.swift */,
				D25612712BFA444F00CF7186 /* GroupMenuView.swift */,
			);
			path = HomeViews;
			sourceTree = "<group>";
		};
		D28F8D642BF6630200BCE419 /* AddItemViews */ = {
			isa = PBXGroup;
			children = (
				D28F8D672BF6636600BCE419 /* AddItemPopUpView.swift */,
				D26ED50B2BF6898E00AA9FC9 /* AddButtonContainerView.swift */,
				D26ED50D2BF6948D00AA9FC9 /* CreateChoreView.swift */,
				D26ED5122BF7432600AA9FC9 /* CreateGroceryView.swift */,
				D26ED5192BF750C600AA9FC9 /* CreateGroceryItemView.swift */,
			);
			path = AddItemViews;
			sourceTree = "<group>";
		};
		D2B504812BFCDB4900C6949D /* ErrorHandling */ = {
			isa = PBXGroup;
			children = (
				D2B504832BFCDBA900C6949D /* ErrorViewTest.swift */,
				D2B504822BFCDBA900C6949D /* easy-choresTests-Bridging-Header.h */,
			);
			path = ErrorHandling;
			sourceTree = "<group>";
		};
		D2B504922BFF138C00C6949D /* Font */ = {
			isa = PBXGroup;
			children = (
				D2B504BE2BFF1E0000C6949D /* Poppins */,
			);
			path = Font;
			sourceTree = "<group>";
		};
		D2B504BE2BFF1E0000C6949D /* Poppins */ = {
			isa = PBXGroup;
			children = (
				D2B504C52BFF1E4C00C6949D /* Poppins-Black.ttf */,
				D2B504C92BFF1E5500C6949D /* Poppins-BlackItalic.ttf */,
				D2B504C82BFF1E5300C6949D /* Poppins-Bold.ttf */,
				D2B504C62BFF1E4F00C6949D /* Poppins-BoldItalic.ttf */,
				D2B504CF2BFF1E5C00C6949D /* Poppins-ExtraBold.ttf */,
				D2B504C22BFF1E4900C6949D /* Poppins-ExtraBoldItalic.ttf */,
				D2B504CB2BFF1E5800C6949D /* Poppins-ExtraLight.ttf */,
				D2B504D12BFF1E5F00C6949D /* Poppins-ExtraLightItalic.ttf */,
				D2B504CC2BFF1E5900C6949D /* Poppins-Italic.ttf */,
				D2B504C02BFF1E4600C6949D /* Poppins-Light.ttf */,
				D2B504C72BFF1E5000C6949D /* Poppins-LightItalic.ttf */,
				D2B504CA2BFF1E5600C6949D /* Poppins-Medium.ttf */,
				D2B504D02BFF1E5D00C6949D /* Poppins-MediumItalic.ttf */,
				D2B504C32BFF1E4A00C6949D /* Poppins-Regular.ttf */,
				D2B504CD2BFF1E5A00C6949D /* Poppins-SemiBold.ttf */,
				D2B504C42BFF1E4B00C6949D /* Poppins-SemiBoldItalic.ttf */,
				D2B504CE2BFF1E5B00C6949D /* Poppins-Thin.ttf */,
				D2B504C12BFF1E4800C6949D /* Poppins-ThinItalic.ttf */,
			);
			path = Poppins;
			sourceTree = "<group>";
		};
/* End PBXGroup section */

/* Begin PBXNativeTarget section */
		D25158E52BEF70110085870B /* easy-chores */ = {
			isa = PBXNativeTarget;
			buildConfigurationList = D251590A2BEF701F0085870B /* Build configuration list for PBXNativeTarget "easy-chores" */;
			buildPhases = (
				D25158E22BEF70110085870B /* Sources */,
				D25158E32BEF70110085870B /* Frameworks */,
				D25158E42BEF70110085870B /* Resources */,
			);
			buildRules = (
			);
			dependencies = (
			);
			name = "easy-chores";
			packageProductDependencies = (
				D231EF5B2BF8F597002DE76A /* SwiftKeychainWrapper */,
			);
			productName = "easy-chores";
			productReference = D25158E62BEF70110085870B /* easy-chores.app */;
			productType = "com.apple.product-type.application";
		};
		D25158F52BEF701F0085870B /* easy-choresTests */ = {
			isa = PBXNativeTarget;
			buildConfigurationList = D251590D2BEF701F0085870B /* Build configuration list for PBXNativeTarget "easy-choresTests" */;
			buildPhases = (
				D25158F22BEF701F0085870B /* Sources */,
				D25158F32BEF701F0085870B /* Frameworks */,
				D25158F42BEF701F0085870B /* Resources */,
			);
			buildRules = (
			);
			dependencies = (
				D25158F82BEF701F0085870B /* PBXTargetDependency */,
			);
			name = "easy-choresTests";
			packageProductDependencies = (
				D2B504852BFCDBD200C6949D /* ViewInspector */,
			);
			productName = "easy-choresTests";
			productReference = D25158F62BEF701F0085870B /* easy-choresTests.xctest */;
			productType = "com.apple.product-type.bundle.unit-test";
		};
		D25158FF2BEF701F0085870B /* easy-choresUITests */ = {
			isa = PBXNativeTarget;
			buildConfigurationList = D25159102BEF701F0085870B /* Build configuration list for PBXNativeTarget "easy-choresUITests" */;
			buildPhases = (
				D25158FC2BEF701F0085870B /* Sources */,
				D25158FD2BEF701F0085870B /* Frameworks */,
				D25158FE2BEF701F0085870B /* Resources */,
			);
			buildRules = (
			);
			dependencies = (
				D25159022BEF701F0085870B /* PBXTargetDependency */,
			);
			name = "easy-choresUITests";
			productName = "easy-choresUITests";
			productReference = D25159002BEF701F0085870B /* easy-choresUITests.xctest */;
			productType = "com.apple.product-type.bundle.ui-testing";
		};
/* End PBXNativeTarget section */

/* Begin PBXProject section */
		D25158DE2BEF70110085870B /* Project object */ = {
			isa = PBXProject;
			attributes = {
				BuildIndependentTargetsInParallel = 1;
				LastSwiftUpdateCheck = 1530;
				LastUpgradeCheck = 1530;
				TargetAttributes = {
					D25158E52BEF70110085870B = {
						CreatedOnToolsVersion = 15.3;
					};
					D25158F52BEF701F0085870B = {
						CreatedOnToolsVersion = 15.3;
						LastSwiftMigration = 1530;
						TestTargetID = D25158E52BEF70110085870B;
					};
					D25158FF2BEF701F0085870B = {
						CreatedOnToolsVersion = 15.3;
						TestTargetID = D25158E52BEF70110085870B;
					};
				};
			};
			buildConfigurationList = D25158E12BEF70110085870B /* Build configuration list for PBXProject "easy-chores" */;
			compatibilityVersion = "Xcode 14.0";
			developmentRegion = en;
			hasScannedForEncodings = 0;
			knownRegions = (
				en,
				Base,
			);
			mainGroup = D25158DD2BEF70110085870B;
			packageReferences = (
				D231EF5A2BF8F582002DE76A /* XCRemoteSwiftPackageReference "SwiftKeychainWrapper" */,
				D2B504802BFCDAF900C6949D /* XCRemoteSwiftPackageReference "ViewInspector" */,
			);
			productRefGroup = D25158E72BEF70110085870B /* Products */;
			projectDirPath = "";
			projectRoot = "";
			targets = (
				D25158E52BEF70110085870B /* easy-chores */,
				D25158F52BEF701F0085870B /* easy-choresTests */,
				D25158FF2BEF701F0085870B /* easy-choresUITests */,
			);
		};
/* End PBXProject section */

/* Begin PBXResourcesBuildPhase section */
		D25158E42BEF70110085870B /* Resources */ = {
			isa = PBXResourcesBuildPhase;
			buildActionMask = 2147483647;
			files = (
				D2B504D82BFF1E6000C6949D /* Poppins-BoldItalic.ttf in Resources */,
				D2B504D92BFF1E6000C6949D /* Poppins-LightItalic.ttf in Resources */,
				D2B504D72BFF1E6000C6949D /* Poppins-Black.ttf in Resources */,
				D2B504E02BFF1E6000C6949D /* Poppins-Thin.ttf in Resources */,
				D2B504E22BFF1E6000C6949D /* Poppins-MediumItalic.ttf in Resources */,
				D2B504DE2BFF1E6000C6949D /* Poppins-Italic.ttf in Resources */,
				D2B504DC2BFF1E6000C6949D /* Poppins-Medium.ttf in Resources */,
				D2B504DF2BFF1E6000C6949D /* Poppins-SemiBold.ttf in Resources */,
				D25158F12BEF701D0085870B /* Preview Assets.xcassets in Resources */,
				D2B504DB2BFF1E6000C6949D /* Poppins-BlackItalic.ttf in Resources */,
				D2B504DD2BFF1E6000C6949D /* Poppins-ExtraLight.ttf in Resources */,
				D2B504E12BFF1E6000C6949D /* Poppins-ExtraBold.ttf in Resources */,
				D2B504E32BFF1E6000C6949D /* Poppins-ExtraLightItalic.ttf in Resources */,
				D2B504D32BFF1E6000C6949D /* Poppins-ThinItalic.ttf in Resources */,
				D2B504D22BFF1E6000C6949D /* Poppins-Light.ttf in Resources */,
				D2B504D62BFF1E6000C6949D /* Poppins-SemiBoldItalic.ttf in Resources */,
				D2B504DA2BFF1E6000C6949D /* Poppins-Bold.ttf in Resources */,
				D2B504D52BFF1E6000C6949D /* Poppins-Regular.ttf in Resources */,
				D25158EE2BEF701D0085870B /* Assets.xcassets in Resources */,
				D2B504D42BFF1E6000C6949D /* Poppins-ExtraBoldItalic.ttf in Resources */,
			);
			runOnlyForDeploymentPostprocessing = 0;
		};
		D25158F42BEF701F0085870B /* Resources */ = {
			isa = PBXResourcesBuildPhase;
			buildActionMask = 2147483647;
			files = (
			);
			runOnlyForDeploymentPostprocessing = 0;
		};
		D25158FE2BEF701F0085870B /* Resources */ = {
			isa = PBXResourcesBuildPhase;
			buildActionMask = 2147483647;
			files = (
			);
			runOnlyForDeploymentPostprocessing = 0;
		};
/* End PBXResourcesBuildPhase section */

/* Begin PBXSourcesBuildPhase section */
		D25158E22BEF70110085870B /* Sources */ = {
			isa = PBXSourcesBuildPhase;
			buildActionMask = 2147483647;
			files = (
				D25612702BFA417F00CF7186 /* MenuButton.swift in Sources */,
				D28F8D682BF6636700BCE419 /* AddItemPopUpView.swift in Sources */,
				D28614F32BF35794009D8D24 /* APIManager.swift in Sources */,
				D231EF6C2BF9222D002DE76A /* LogoutButtonView.swift in Sources */,
				D2B504912BFF0A4D00C6949D /* CustomTextFieldView.swift in Sources */,
				D2F7F6DE2BF5C3D600DDA991 /* HomeGroceriesView.swift in Sources */,
				D28615132BF38F36009D8D24 /* GroupItemView.swift in Sources */,
				D231EF5E2BF8F69F002DE76A /* KeyChainManager.swift in Sources */,
				D231EF652BF9129B002DE76A /* ErrorView.swift in Sources */,
				D227C6152BF3D4BB00F81355 /* AuthorizedView.swift in Sources */,
				D25612762BFA468700CF7186 /* EditGroupView.swift in Sources */,
				D227C61C2BF49F8A00F81355 /* UserViewModel.swift in Sources */,
				D28F8D632BF65A1B00BCE419 /* CustomDataError.swift in Sources */,
				D26ED51A2BF750C600AA9FC9 /* CreateGroceryItemView.swift in Sources */,
				D2F7F6E02BF5C4AA00DDA991 /* GroceryItemView.swift in Sources */,
				D25612722BFA444F00CF7186 /* GroupMenuView.swift in Sources */,
				D231EF6F2BF9D005002DE76A /* AuthroizedTabView.swift in Sources */,
				D227C6212BF4E5C800F81355 /* HomeChoresView.swift in Sources */,
				D227C6132BF3CAF700F81355 /* LoadingView.swift in Sources */,
				D28614FE2BF382DF009D8D24 /* HomeView.swift in Sources */,
				D231EF612BF91255002DE76A /* APIError.swift in Sources */,
				D28615112BF38F05009D8D24 /* GroupListView.swift in Sources */,
				D252F6142BF8446F004272AA /* LoginView.swift in Sources */,
				D2F7F6DC2BF5C19400DDA991 /* GroceryViewModel.swift in Sources */,
				D231EF592BF862D6002DE76A /* RegisterView.swift in Sources */,
				D25158EC2BEF70110085870B /* MainView.swift in Sources */,
				D231EF692BF91A36002DE76A /* LoginUserViewModel.swift in Sources */,
				D2B5046E2BFBB5CC00C6949D /* ProfileView.swift in Sources */,
				D26ED51C2BF7697100AA9FC9 /* Extension.swift in Sources */,
				D28F8D5F2BF5E81E00BCE419 /* CustomButtonView.swift in Sources */,
				D227C6252BF5031400F81355 /* ChoreViewModel.swift in Sources */,
				D25612782BFA717D00CF7186 /* GroupUserView.swift in Sources */,
				D25612742BFA467300CF7186 /* CreateGroupView.swift in Sources */,
				D26ED5132BF7432700AA9FC9 /* CreateGroceryView.swift in Sources */,
				D231EF672BF912BF002DE76A /* ErrorManager.swift in Sources */,
				D26ED50E2BF6948D00AA9FC9 /* CreateChoreView.swift in Sources */,
				D25158EA2BEF70110085870B /* easy_choresApp.swift in Sources */,
				D227C6232BF500FE00F81355 /* ChoreItemView.swift in Sources */,
				D26ED50C2BF6898E00AA9FC9 /* AddButtonContainerView.swift in Sources */,
				D227C61F2BF4A2E900F81355 /* GroupViewModel.swift in Sources */,
			);
			runOnlyForDeploymentPostprocessing = 0;
		};
		D25158F22BEF701F0085870B /* Sources */ = {
			isa = PBXSourcesBuildPhase;
			buildActionMask = 2147483647;
			files = (
				D2B504842BFCDBA900C6949D /* ErrorViewTest.swift in Sources */,
			);
			runOnlyForDeploymentPostprocessing = 0;
		};
		D25158FC2BEF701F0085870B /* Sources */ = {
			isa = PBXSourcesBuildPhase;
			buildActionMask = 2147483647;
			files = (
				D25159052BEF701F0085870B /* easy_choresUITests.swift in Sources */,
			);
			runOnlyForDeploymentPostprocessing = 0;
		};
/* End PBXSourcesBuildPhase section */

/* Begin PBXTargetDependency section */
		D25158F82BEF701F0085870B /* PBXTargetDependency */ = {
			isa = PBXTargetDependency;
			target = D25158E52BEF70110085870B /* easy-chores */;
			targetProxy = D25158F72BEF701F0085870B /* PBXContainerItemProxy */;
		};
		D25159022BEF701F0085870B /* PBXTargetDependency */ = {
			isa = PBXTargetDependency;
			target = D25158E52BEF70110085870B /* easy-chores */;
			targetProxy = D25159012BEF701F0085870B /* PBXContainerItemProxy */;
		};
/* End PBXTargetDependency section */

/* Begin XCBuildConfiguration section */
		D25159082BEF701F0085870B /* Debug */ = {
			isa = XCBuildConfiguration;
			buildSettings = {
				ALWAYS_SEARCH_USER_PATHS = NO;
				ASSETCATALOG_COMPILER_GENERATE_SWIFT_ASSET_SYMBOL_EXTENSIONS = YES;
				CLANG_ANALYZER_NONNULL = YES;
				CLANG_ANALYZER_NUMBER_OBJECT_CONVERSION = YES_AGGRESSIVE;
				CLANG_CXX_LANGUAGE_STANDARD = "gnu++20";
				CLANG_ENABLE_MODULES = YES;
				CLANG_ENABLE_OBJC_ARC = YES;
				CLANG_ENABLE_OBJC_WEAK = YES;
				CLANG_WARN_BLOCK_CAPTURE_AUTORELEASING = YES;
				CLANG_WARN_BOOL_CONVERSION = YES;
				CLANG_WARN_COMMA = YES;
				CLANG_WARN_CONSTANT_CONVERSION = YES;
				CLANG_WARN_DEPRECATED_OBJC_IMPLEMENTATIONS = YES;
				CLANG_WARN_DIRECT_OBJC_ISA_USAGE = YES_ERROR;
				CLANG_WARN_DOCUMENTATION_COMMENTS = YES;
				CLANG_WARN_EMPTY_BODY = YES;
				CLANG_WARN_ENUM_CONVERSION = YES;
				CLANG_WARN_INFINITE_RECURSION = YES;
				CLANG_WARN_INT_CONVERSION = YES;
				CLANG_WARN_NON_LITERAL_NULL_CONVERSION = YES;
				CLANG_WARN_OBJC_IMPLICIT_RETAIN_SELF = YES;
				CLANG_WARN_OBJC_LITERAL_CONVERSION = YES;
				CLANG_WARN_OBJC_ROOT_CLASS = YES_ERROR;
				CLANG_WARN_QUOTED_INCLUDE_IN_FRAMEWORK_HEADER = YES;
				CLANG_WARN_RANGE_LOOP_ANALYSIS = YES;
				CLANG_WARN_STRICT_PROTOTYPES = YES;
				CLANG_WARN_SUSPICIOUS_MOVE = YES;
				CLANG_WARN_UNGUARDED_AVAILABILITY = YES_AGGRESSIVE;
				CLANG_WARN_UNREACHABLE_CODE = YES;
				CLANG_WARN__DUPLICATE_METHOD_MATCH = YES;
				COPY_PHASE_STRIP = NO;
				DEBUG_INFORMATION_FORMAT = dwarf;
				ENABLE_STRICT_OBJC_MSGSEND = YES;
				ENABLE_TESTABILITY = YES;
				ENABLE_USER_SCRIPT_SANDBOXING = YES;
				GCC_C_LANGUAGE_STANDARD = gnu17;
				GCC_DYNAMIC_NO_PIC = NO;
				GCC_NO_COMMON_BLOCKS = YES;
				GCC_OPTIMIZATION_LEVEL = 0;
				GCC_PREPROCESSOR_DEFINITIONS = (
					"DEBUG=1",
					"$(inherited)",
				);
				GCC_WARN_64_TO_32_BIT_CONVERSION = YES;
				GCC_WARN_ABOUT_RETURN_TYPE = YES_ERROR;
				GCC_WARN_UNDECLARED_SELECTOR = YES;
				GCC_WARN_UNINITIALIZED_AUTOS = YES_AGGRESSIVE;
				GCC_WARN_UNUSED_FUNCTION = YES;
				GCC_WARN_UNUSED_VARIABLE = YES;
				IPHONEOS_DEPLOYMENT_TARGET = 17.4;
				LOCALIZATION_PREFERS_STRING_CATALOGS = YES;
				MTL_ENABLE_DEBUG_INFO = INCLUDE_SOURCE;
				MTL_FAST_MATH = YES;
				ONLY_ACTIVE_ARCH = YES;
				SDKROOT = iphoneos;
				SWIFT_ACTIVE_COMPILATION_CONDITIONS = "DEBUG $(inherited)";
				SWIFT_OPTIMIZATION_LEVEL = "-Onone";
			};
			name = Debug;
		};
		D25159092BEF701F0085870B /* Release */ = {
			isa = XCBuildConfiguration;
			buildSettings = {
				ALWAYS_SEARCH_USER_PATHS = NO;
				ASSETCATALOG_COMPILER_GENERATE_SWIFT_ASSET_SYMBOL_EXTENSIONS = YES;
				CLANG_ANALYZER_NONNULL = YES;
				CLANG_ANALYZER_NUMBER_OBJECT_CONVERSION = YES_AGGRESSIVE;
				CLANG_CXX_LANGUAGE_STANDARD = "gnu++20";
				CLANG_ENABLE_MODULES = YES;
				CLANG_ENABLE_OBJC_ARC = YES;
				CLANG_ENABLE_OBJC_WEAK = YES;
				CLANG_WARN_BLOCK_CAPTURE_AUTORELEASING = YES;
				CLANG_WARN_BOOL_CONVERSION = YES;
				CLANG_WARN_COMMA = YES;
				CLANG_WARN_CONSTANT_CONVERSION = YES;
				CLANG_WARN_DEPRECATED_OBJC_IMPLEMENTATIONS = YES;
				CLANG_WARN_DIRECT_OBJC_ISA_USAGE = YES_ERROR;
				CLANG_WARN_DOCUMENTATION_COMMENTS = YES;
				CLANG_WARN_EMPTY_BODY = YES;
				CLANG_WARN_ENUM_CONVERSION = YES;
				CLANG_WARN_INFINITE_RECURSION = YES;
				CLANG_WARN_INT_CONVERSION = YES;
				CLANG_WARN_NON_LITERAL_NULL_CONVERSION = YES;
				CLANG_WARN_OBJC_IMPLICIT_RETAIN_SELF = YES;
				CLANG_WARN_OBJC_LITERAL_CONVERSION = YES;
				CLANG_WARN_OBJC_ROOT_CLASS = YES_ERROR;
				CLANG_WARN_QUOTED_INCLUDE_IN_FRAMEWORK_HEADER = YES;
				CLANG_WARN_RANGE_LOOP_ANALYSIS = YES;
				CLANG_WARN_STRICT_PROTOTYPES = YES;
				CLANG_WARN_SUSPICIOUS_MOVE = YES;
				CLANG_WARN_UNGUARDED_AVAILABILITY = YES_AGGRESSIVE;
				CLANG_WARN_UNREACHABLE_CODE = YES;
				CLANG_WARN__DUPLICATE_METHOD_MATCH = YES;
				COPY_PHASE_STRIP = NO;
				DEBUG_INFORMATION_FORMAT = "dwarf-with-dsym";
				ENABLE_NS_ASSERTIONS = NO;
				ENABLE_STRICT_OBJC_MSGSEND = YES;
				ENABLE_USER_SCRIPT_SANDBOXING = YES;
				GCC_C_LANGUAGE_STANDARD = gnu17;
				GCC_NO_COMMON_BLOCKS = YES;
				GCC_WARN_64_TO_32_BIT_CONVERSION = YES;
				GCC_WARN_ABOUT_RETURN_TYPE = YES_ERROR;
				GCC_WARN_UNDECLARED_SELECTOR = YES;
				GCC_WARN_UNINITIALIZED_AUTOS = YES_AGGRESSIVE;
				GCC_WARN_UNUSED_FUNCTION = YES;
				GCC_WARN_UNUSED_VARIABLE = YES;
				IPHONEOS_DEPLOYMENT_TARGET = 17.4;
				LOCALIZATION_PREFERS_STRING_CATALOGS = YES;
				MTL_ENABLE_DEBUG_INFO = NO;
				MTL_FAST_MATH = YES;
				SDKROOT = iphoneos;
				SWIFT_COMPILATION_MODE = wholemodule;
				VALIDATE_PRODUCT = YES;
			};
			name = Release;
		};
		D251590B2BEF701F0085870B /* Debug */ = {
			isa = XCBuildConfiguration;
			buildSettings = {
				ASSETCATALOG_COMPILER_APPICON_NAME = AppIcon;
				ASSETCATALOG_COMPILER_GLOBAL_ACCENT_COLOR_NAME = AccentColor;
				CODE_SIGN_STYLE = Automatic;
				CURRENT_PROJECT_VERSION = 1;
				DEVELOPMENT_ASSET_PATHS = "\"easy-chores/Preview Content\"";
				DEVELOPMENT_TEAM = 4GZR9W59M5;
				ENABLE_PREVIEWS = YES;
				GENERATE_INFOPLIST_FILE = YES;
				INFOPLIST_FILE = "easy-chores/Info.plist";
				INFOPLIST_KEY_UIApplicationSceneManifest_Generation = YES;
				INFOPLIST_KEY_UIApplicationSupportsIndirectInputEvents = YES;
				INFOPLIST_KEY_UILaunchScreen_Generation = YES;
				INFOPLIST_KEY_UISupportedInterfaceOrientations_iPad = "UIInterfaceOrientationPortrait UIInterfaceOrientationPortraitUpsideDown UIInterfaceOrientationLandscapeLeft UIInterfaceOrientationLandscapeRight";
				INFOPLIST_KEY_UISupportedInterfaceOrientations_iPhone = "UIInterfaceOrientationPortrait UIInterfaceOrientationLandscapeLeft UIInterfaceOrientationLandscapeRight";
				LD_RUNPATH_SEARCH_PATHS = (
					"$(inherited)",
					"@executable_path/Frameworks",
				);
				MARKETING_VERSION = 1.0;
				PRODUCT_BUNDLE_IDENTIFIER = "IanLau.easy-chores";
				PRODUCT_NAME = "$(TARGET_NAME)";
				SWIFT_EMIT_LOC_STRINGS = YES;
				SWIFT_VERSION = 5.0;
				TARGETED_DEVICE_FAMILY = "1,2";
			};
			name = Debug;
		};
		D251590C2BEF701F0085870B /* Release */ = {
			isa = XCBuildConfiguration;
			buildSettings = {
				ASSETCATALOG_COMPILER_APPICON_NAME = AppIcon;
				ASSETCATALOG_COMPILER_GLOBAL_ACCENT_COLOR_NAME = AccentColor;
				CODE_SIGN_STYLE = Automatic;
				CURRENT_PROJECT_VERSION = 1;
				DEVELOPMENT_ASSET_PATHS = "\"easy-chores/Preview Content\"";
				DEVELOPMENT_TEAM = 4GZR9W59M5;
				ENABLE_PREVIEWS = YES;
				GENERATE_INFOPLIST_FILE = YES;
				INFOPLIST_FILE = "easy-chores/Info.plist";
				INFOPLIST_KEY_UIApplicationSceneManifest_Generation = YES;
				INFOPLIST_KEY_UIApplicationSupportsIndirectInputEvents = YES;
				INFOPLIST_KEY_UILaunchScreen_Generation = YES;
				INFOPLIST_KEY_UISupportedInterfaceOrientations_iPad = "UIInterfaceOrientationPortrait UIInterfaceOrientationPortraitUpsideDown UIInterfaceOrientationLandscapeLeft UIInterfaceOrientationLandscapeRight";
				INFOPLIST_KEY_UISupportedInterfaceOrientations_iPhone = "UIInterfaceOrientationPortrait UIInterfaceOrientationLandscapeLeft UIInterfaceOrientationLandscapeRight";
				LD_RUNPATH_SEARCH_PATHS = (
					"$(inherited)",
					"@executable_path/Frameworks",
				);
				MARKETING_VERSION = 1.0;
				PRODUCT_BUNDLE_IDENTIFIER = "IanLau.easy-chores";
				PRODUCT_NAME = "$(TARGET_NAME)";
				SWIFT_EMIT_LOC_STRINGS = YES;
				SWIFT_VERSION = 5.0;
				TARGETED_DEVICE_FAMILY = "1,2";
			};
			name = Release;
		};
		D251590E2BEF701F0085870B /* Debug */ = {
			isa = XCBuildConfiguration;
			buildSettings = {
				ALWAYS_EMBED_SWIFT_STANDARD_LIBRARIES = YES;
				BUNDLE_LOADER = "$(TEST_HOST)";
				CLANG_ENABLE_MODULES = YES;
				CODE_SIGN_STYLE = Automatic;
				CURRENT_PROJECT_VERSION = 1;
				DEVELOPMENT_TEAM = 4GZR9W59M5;
				GENERATE_INFOPLIST_FILE = YES;
				IPHONEOS_DEPLOYMENT_TARGET = 17.4;
				MARKETING_VERSION = 1.0;
				PRODUCT_BUNDLE_IDENTIFIER = "IanLau.easy-choresTests";
				PRODUCT_NAME = "$(TARGET_NAME)";
				SWIFT_EMIT_LOC_STRINGS = NO;
				SWIFT_OBJC_BRIDGING_HEADER = "easy-choresTests/ErrorHandling/easy-choresTests-Bridging-Header.h";
				SWIFT_OPTIMIZATION_LEVEL = "-Onone";
				SWIFT_VERSION = 5.0;
				TARGETED_DEVICE_FAMILY = "1,2";
				TEST_HOST = "$(BUILT_PRODUCTS_DIR)/easy-chores.app/$(BUNDLE_EXECUTABLE_FOLDER_PATH)/easy-chores";
			};
			name = Debug;
		};
		D251590F2BEF701F0085870B /* Release */ = {
			isa = XCBuildConfiguration;
			buildSettings = {
				ALWAYS_EMBED_SWIFT_STANDARD_LIBRARIES = YES;
				BUNDLE_LOADER = "$(TEST_HOST)";
				CLANG_ENABLE_MODULES = YES;
				CODE_SIGN_STYLE = Automatic;
				CURRENT_PROJECT_VERSION = 1;
				DEVELOPMENT_TEAM = 4GZR9W59M5;
				GENERATE_INFOPLIST_FILE = YES;
				IPHONEOS_DEPLOYMENT_TARGET = 17.4;
				MARKETING_VERSION = 1.0;
				PRODUCT_BUNDLE_IDENTIFIER = "IanLau.easy-choresTests";
				PRODUCT_NAME = "$(TARGET_NAME)";
				SWIFT_EMIT_LOC_STRINGS = NO;
				SWIFT_OBJC_BRIDGING_HEADER = "easy-choresTests/ErrorHandling/easy-choresTests-Bridging-Header.h";
				SWIFT_VERSION = 5.0;
				TARGETED_DEVICE_FAMILY = "1,2";
				TEST_HOST = "$(BUILT_PRODUCTS_DIR)/easy-chores.app/$(BUNDLE_EXECUTABLE_FOLDER_PATH)/easy-chores";
			};
			name = Release;
		};
		D25159112BEF701F0085870B /* Debug */ = {
			isa = XCBuildConfiguration;
			buildSettings = {
				ALWAYS_EMBED_SWIFT_STANDARD_LIBRARIES = YES;
				CODE_SIGN_STYLE = Automatic;
				CURRENT_PROJECT_VERSION = 1;
				DEVELOPMENT_TEAM = 4GZR9W59M5;
				GENERATE_INFOPLIST_FILE = YES;
				MARKETING_VERSION = 1.0;
				PRODUCT_BUNDLE_IDENTIFIER = "IanLau.easy-choresUITests";
				PRODUCT_NAME = "$(TARGET_NAME)";
				SWIFT_EMIT_LOC_STRINGS = NO;
				SWIFT_VERSION = 5.0;
				TARGETED_DEVICE_FAMILY = "1,2";
				TEST_TARGET_NAME = "easy-chores";
			};
			name = Debug;
		};
		D25159122BEF701F0085870B /* Release */ = {
			isa = XCBuildConfiguration;
			buildSettings = {
				ALWAYS_EMBED_SWIFT_STANDARD_LIBRARIES = YES;
				CODE_SIGN_STYLE = Automatic;
				CURRENT_PROJECT_VERSION = 1;
				DEVELOPMENT_TEAM = 4GZR9W59M5;
				GENERATE_INFOPLIST_FILE = YES;
				MARKETING_VERSION = 1.0;
				PRODUCT_BUNDLE_IDENTIFIER = "IanLau.easy-choresUITests";
				PRODUCT_NAME = "$(TARGET_NAME)";
				SWIFT_EMIT_LOC_STRINGS = NO;
				SWIFT_VERSION = 5.0;
				TARGETED_DEVICE_FAMILY = "1,2";
				TEST_TARGET_NAME = "easy-chores";
			};
			name = Release;
		};
/* End XCBuildConfiguration section */

/* Begin XCConfigurationList section */
		D25158E12BEF70110085870B /* Build configuration list for PBXProject "easy-chores" */ = {
			isa = XCConfigurationList;
			buildConfigurations = (
				D25159082BEF701F0085870B /* Debug */,
				D25159092BEF701F0085870B /* Release */,
			);
			defaultConfigurationIsVisible = 0;
			defaultConfigurationName = Release;
		};
		D251590A2BEF701F0085870B /* Build configuration list for PBXNativeTarget "easy-chores" */ = {
			isa = XCConfigurationList;
			buildConfigurations = (
				D251590B2BEF701F0085870B /* Debug */,
				D251590C2BEF701F0085870B /* Release */,
			);
			defaultConfigurationIsVisible = 0;
			defaultConfigurationName = Release;
		};
		D251590D2BEF701F0085870B /* Build configuration list for PBXNativeTarget "easy-choresTests" */ = {
			isa = XCConfigurationList;
			buildConfigurations = (
				D251590E2BEF701F0085870B /* Debug */,
				D251590F2BEF701F0085870B /* Release */,
			);
			defaultConfigurationIsVisible = 0;
			defaultConfigurationName = Release;
		};
		D25159102BEF701F0085870B /* Build configuration list for PBXNativeTarget "easy-choresUITests" */ = {
			isa = XCConfigurationList;
			buildConfigurations = (
				D25159112BEF701F0085870B /* Debug */,
				D25159122BEF701F0085870B /* Release */,
			);
			defaultConfigurationIsVisible = 0;
			defaultConfigurationName = Release;
		};
/* End XCConfigurationList section */

/* Begin XCRemoteSwiftPackageReference section */
		D231EF5A2BF8F582002DE76A /* XCRemoteSwiftPackageReference "SwiftKeychainWrapper" */ = {
			isa = XCRemoteSwiftPackageReference;
			repositoryURL = "https://github.com/jrendel/SwiftKeychainWrapper";
			requirement = {
				kind = upToNextMajorVersion;
				minimumVersion = 4.0.1;
			};
		};
		D2B504802BFCDAF900C6949D /* XCRemoteSwiftPackageReference "ViewInspector" */ = {
			isa = XCRemoteSwiftPackageReference;
			repositoryURL = "https://github.com/nalexn/ViewInspector";
			requirement = {
				kind = upToNextMajorVersion;
				minimumVersion = 0.9.11;
			};
		};
/* End XCRemoteSwiftPackageReference section */

/* Begin XCSwiftPackageProductDependency section */
		D231EF5B2BF8F597002DE76A /* SwiftKeychainWrapper */ = {
			isa = XCSwiftPackageProductDependency;
			package = D231EF5A2BF8F582002DE76A /* XCRemoteSwiftPackageReference "SwiftKeychainWrapper" */;
			productName = SwiftKeychainWrapper;
		};
		D2B504852BFCDBD200C6949D /* ViewInspector */ = {
			isa = XCSwiftPackageProductDependency;
			package = D2B504802BFCDAF900C6949D /* XCRemoteSwiftPackageReference "ViewInspector" */;
			productName = ViewInspector;
		};
/* End XCSwiftPackageProductDependency section */
	};
	rootObject = D25158DE2BEF70110085870B /* Project object */;
}
